
Microsoft Visual Studio Solution File, Format Version 12.00
# Visual Studio 15
VisualStudioVersion = 15.0.28307.136
MinimumVisualStudioVersion = 10.0.40219.1
Project("{FAE04EC0-301F-11D3-BF4B-00C04F79EFBC}") = "测试Socket", "测试Socket\测试Socket.csproj", "{8F3C39D1-A009-4F24-9E95-00073017D5DF}"
EndProject
Global
	GlobalSection(SolutionConfigurationPlatforms) = preSolution
		Debug|Any CPU = Debug|Any CPU
		Release|Any CPU = Release|Any CPU
	EndGlobalSection
	GlobalSection(ProjectConfigurationPlatforms) = postSolution
		{8F3C39D1-A009-4F24-9E95-00073017D5DF}.Debug|Any CPU.ActiveCfg = Debug|Any CPU
		{8F3C39D1-A009-4F24-9E95-00073017D5DF}.Debug|Any CPU.Build.0 = Debug|Any CPU
		{8F3C39D1-A009-4F24-9E95-00073017D5DF}.Release|Any CPU.ActiveCfg = Release|Any CPU
		{8F3C39D1-A009-4F24-9E95-00073017D5DF}.Release|Any CPU.Build.0 = Release|Any CPU
	EndGlobalSection
	GlobalSection(SolutionProperties) = preSolution
		HideSolutionNode = FALSE
	EndGlobalSection
	GlobalSection(ExtensibilityGlobals) = postSolution
		SolutionGuid = {546C26E9-6256-4524-B7B5-AA3BE35A92E2}
	EndGlobalSection
EndGlobal
