
Microsoft Visual Studio Solution File, Format Version 12.00
# Visual Studio Version 16
VisualStudioVersion = 16.0.29009.5
MinimumVisualStudioVersion = 10.0.40219.1
Project("{9A19103F-16F7-4668-BE54-9A1E7A4F7556}") = "Server", "Server\Server.csproj", "{F7D4CCD4-FB83-4D76-B637-4626D440BE36}"
EndProject
Project("{9A19103F-16F7-4668-BE54-9A1E7A4F7556}") = "Client", "Client\Client.csproj", "{CBA8ECB6-DFC3-4D34-A2E8-BD1ECED0FA97}"
EndProject
Project("{9A19103F-16F7-4668-BE54-9A1E7A4F7556}") = "WebSocket_Server", "WebSocket_Server\WebSocket_Server.csproj", "{C9101903-B318-4FA4-83B8-294C51777524}"
EndProject
Project("{9A19103F-16F7-4668-BE54-9A1E7A4F7556}") = "WebSocket_Client", "WebSocket_Client\WebSocket_Client.csproj", "{A54D3FDD-3E3B-4C67-8706-AC5B32815DC7}"
EndProject
Project("{9A19103F-16F7-4668-BE54-9A1E7A4F7556}") = "Signalr_Server", "Signalr_Server\Signalr_Server.csproj", "{40AAEAE7-AA8B-4E46-A3C4-562A2460B13F}"
EndProject
Project("{9A19103F-16F7-4668-BE54-9A1E7A4F7556}") = "Signalr_Client", "Signalr_Client\Signalr_Client.csproj", "{36E3E438-DE5C-403B-B653-C4712FDF8B8A}"
EndProject
Project("{FAE04EC0-301F-11D3-BF4B-00C04F79EFBC}") = "AbpSignalr_Client", "AbpSignalr_Client\AbpSignalr_Client.csproj", "{1E958D24-D4F8-4FA7-81BF-FD9C45B896A2}"
EndProject
Global
	GlobalSection(SolutionConfigurationPlatforms) = preSolution
		Debug|Any CPU = Debug|Any CPU
		Release|Any CPU = Release|Any CPU
	EndGlobalSection
	GlobalSection(ProjectConfigurationPlatforms) = postSolution
		{F7D4CCD4-FB83-4D76-B637-4626D440BE36}.Debug|Any CPU.ActiveCfg = Debug|Any CPU
		{F7D4CCD4-FB83-4D76-B637-4626D440BE36}.Debug|Any CPU.Build.0 = Debug|Any CPU
		{F7D4CCD4-FB83-4D76-B637-4626D440BE36}.Release|Any CPU.ActiveCfg = Release|Any CPU
		{F7D4CCD4-FB83-4D76-B637-4626D440BE36}.Release|Any CPU.Build.0 = Release|Any CPU
		{CBA8ECB6-DFC3-4D34-A2E8-BD1ECED0FA97}.Debug|Any CPU.ActiveCfg = Debug|Any CPU
		{CBA8ECB6-DFC3-4D34-A2E8-BD1ECED0FA97}.Debug|Any CPU.Build.0 = Debug|Any CPU
		{CBA8ECB6-DFC3-4D34-A2E8-BD1ECED0FA97}.Release|Any CPU.ActiveCfg = Release|Any CPU
		{CBA8ECB6-DFC3-4D34-A2E8-BD1ECED0FA97}.Release|Any CPU.Build.0 = Release|Any CPU
		{C9101903-B318-4FA4-83B8-294C51777524}.Debug|Any CPU.ActiveCfg = Debug|Any CPU
		{C9101903-B318-4FA4-83B8-294C51777524}.Debug|Any CPU.Build.0 = Debug|Any CPU
		{C9101903-B318-4FA4-83B8-294C51777524}.Release|Any CPU.ActiveCfg = Release|Any CPU
		{C9101903-B318-4FA4-83B8-294C51777524}.Release|Any CPU.Build.0 = Release|Any CPU
		{A54D3FDD-3E3B-4C67-8706-AC5B32815DC7}.Debug|Any CPU.ActiveCfg = Debug|Any CPU
		{A54D3FDD-3E3B-4C67-8706-AC5B32815DC7}.Debug|Any CPU.Build.0 = Debug|Any CPU
		{A54D3FDD-3E3B-4C67-8706-AC5B32815DC7}.Release|Any CPU.ActiveCfg = Release|Any CPU
		{A54D3FDD-3E3B-4C67-8706-AC5B32815DC7}.Release|Any CPU.Build.0 = Release|Any CPU
		{40AAEAE7-AA8B-4E46-A3C4-562A2460B13F}.Debug|Any CPU.ActiveCfg = Debug|Any CPU
		{40AAEAE7-AA8B-4E46-A3C4-562A2460B13F}.Debug|Any CPU.Build.0 = Debug|Any CPU
		{40AAEAE7-AA8B-4E46-A3C4-562A2460B13F}.Release|Any CPU.ActiveCfg = Release|Any CPU
		{40AAEAE7-AA8B-4E46-A3C4-562A2460B13F}.Release|Any CPU.Build.0 = Release|Any CPU
		{36E3E438-DE5C-403B-B653-C4712FDF8B8A}.Debug|Any CPU.ActiveCfg = Debug|Any CPU
		{36E3E438-DE5C-403B-B653-C4712FDF8B8A}.Debug|Any CPU.Build.0 = Debug|Any CPU
		{36E3E438-DE5C-403B-B653-C4712FDF8B8A}.Release|Any CPU.ActiveCfg = Release|Any CPU
		{36E3E438-DE5C-403B-B653-C4712FDF8B8A}.Release|Any CPU.Build.0 = Release|Any CPU
		{1E958D24-D4F8-4FA7-81BF-FD9C45B896A2}.Debug|Any CPU.ActiveCfg = Debug|Any CPU
		{1E958D24-D4F8-4FA7-81BF-FD9C45B896A2}.Debug|Any CPU.Build.0 = Debug|Any CPU
		{1E958D24-D4F8-4FA7-81BF-FD9C45B896A2}.Release|Any CPU.ActiveCfg = Release|Any CPU
		{1E958D24-D4F8-4FA7-81BF-FD9C45B896A2}.Release|Any CPU.Build.0 = Release|Any CPU
	EndGlobalSection
	GlobalSection(SolutionProperties) = preSolution
		HideSolutionNode = FALSE
	EndGlobalSection
	GlobalSection(ExtensibilityGlobals) = postSolution
		SolutionGuid = {546C26E9-6256-4524-B7B5-AA3BE35A92E2}
	EndGlobalSection
EndGlobal
